// !$*UTF8*$!
{
	archiveVersion = 1;
	classes = {
	};
	objectVersion = 55;
	objects = {

/* Begin PBXBuildFile section */
		84279E51288014F80069BB45 /* MemeTableViewController.swift in Sources */ = {isa = PBXBuildFile; fileRef = 84279E50288014F80069BB45 /* MemeTableViewController.swift */; };
		84279E5328801F190069BB45 /* MemeEditorViewController.swift in Sources */ = {isa = PBXBuildFile; fileRef = 84279E5228801F190069BB45 /* MemeEditorViewController.swift */; };
		84279E5528801F700069BB45 /* MemeDetailViewController.swift in Sources */ = {isa = PBXBuildFile; fileRef = 84279E5428801F700069BB45 /* MemeDetailViewController.swift */; };
		84279E5728801F9F0069BB45 /* MemeCollectionViewController.swift in Sources */ = {isa = PBXBuildFile; fileRef = 84279E5628801F9F0069BB45 /* MemeCollectionViewController.swift */; };
		84279E59288020170069BB45 /* SentMemesTableViewCell.swift in Sources */ = {isa = PBXBuildFile; fileRef = 84279E58288020170069BB45 /* SentMemesTableViewCell.swift */; };
		84279E5B2880204E0069BB45 /* SentMemesCollectionViewCell.swift in Sources */ = {isa = PBXBuildFile; fileRef = 84279E5A2880204E0069BB45 /* SentMemesCollectionViewCell.swift */; };
		84AA7BFD2873F13A0018522B /* Meme.swift in Sources */ = {isa = PBXBuildFile; fileRef = 84AA7BFC2873F13A0018522B /* Meme.swift */; };
		84D37BFD2872EA4C0063388F /* AppDelegate.swift in Sources */ = {isa = PBXBuildFile; fileRef = 84D37BFC2872EA4C0063388F /* AppDelegate.swift */; };
		84D37BFF2872EA4C0063388F /* SceneDelegate.swift in Sources */ = {isa = PBXBuildFile; fileRef = 84D37BFE2872EA4C0063388F /* SceneDelegate.swift */; };
		84D37C042872EA4C0063388F /* Main.storyboard in Resources */ = {isa = PBXBuildFile; fileRef = 84D37C022872EA4C0063388F /* Main.storyboard */; };
		84D37C062872EA500063388F /* Assets.xcassets in Resources */ = {isa = PBXBuildFile; fileRef = 84D37C052872EA500063388F /* Assets.xcassets */; };
		84D37C092872EA500063388F /* LaunchScreen.storyboard in Resources */ = {isa = PBXBuildFile; fileRef = 84D37C072872EA500063388F /* LaunchScreen.storyboard */; };
/* End PBXBuildFile section */

/* Begin PBXFileReference section */
		84279E50288014F80069BB45 /* MemeTableViewController.swift */ = {isa = PBXFileReference; lastKnownFileType = sourcecode.swift; path = MemeTableViewController.swift; sourceTree = "<group>"; };
		84279E5228801F190069BB45 /* MemeEditorViewController.swift */ = {isa = PBXFileReference; lastKnownFileType = sourcecode.swift; path = MemeEditorViewController.swift; sourceTree = "<group>"; };
		84279E5428801F700069BB45 /* MemeDetailViewController.swift */ = {isa = PBXFileReference; lastKnownFileType = sourcecode.swift; path = MemeDetailViewController.swift; sourceTree = "<group>"; };
		84279E5628801F9F0069BB45 /* MemeCollectionViewController.swift */ = {isa = PBXFileReference; lastKnownFileType = sourcecode.swift; path = MemeCollectionViewController.swift; sourceTree = "<group>"; };
		84279E58288020170069BB45 /* SentMemesTableViewCell.swift */ = {isa = PBXFileReference; lastKnownFileType = sourcecode.swift; path = SentMemesTableViewCell.swift; sourceTree = "<group>"; };
		84279E5A2880204E0069BB45 /* SentMemesCollectionViewCell.swift */ = {isa = PBXFileReference; lastKnownFileType = sourcecode.swift; path = SentMemesCollectionViewCell.swift; sourceTree = "<group>"; };
		84AA7BFC2873F13A0018522B /* Meme.swift */ = {isa = PBXFileReference; lastKnownFileType = sourcecode.swift; path = Meme.swift; sourceTree = "<group>"; };
		84D37BF92872EA4C0063388F /* MemeMe.app */ = {isa = PBXFileReference; explicitFileType = wrapper.application; includeInIndex = 0; path = MemeMe.app; sourceTree = BUILT_PRODUCTS_DIR; };
		84D37BFC2872EA4C0063388F /* AppDelegate.swift */ = {isa = PBXFileReference; lastKnownFileType = sourcecode.swift; path = AppDelegate.swift; sourceTree = "<group>"; };
		84D37BFE2872EA4C0063388F /* SceneDelegate.swift */ = {isa = PBXFileReference; lastKnownFileType = sourcecode.swift; path = SceneDelegate.swift; sourceTree = "<group>"; };
		84D37C032872EA4C0063388F /* Base */ = {isa = PBXFileReference; lastKnownFileType = file.storyboard; name = Base; path = Base.lproj/Main.storyboard; sourceTree = "<group>"; };
		84D37C052872EA500063388F /* Assets.xcassets */ = {isa = PBXFileReference; lastKnownFileType = folder.assetcatalog; path = Assets.xcassets; sourceTree = "<group>"; };
		84D37C082872EA500063388F /* Base */ = {isa = PBXFileReference; lastKnownFileType = file.storyboard; name = Base; path = Base.lproj/LaunchScreen.storyboard; sourceTree = "<group>"; };
		84D37C0A2872EA500063388F /* Info.plist */ = {isa = PBXFileReference; lastKnownFileType = text.plist.xml; path = Info.plist; sourceTree = "<group>"; };
/* End PBXFileReference section */

/* Begin PBXFrameworksBuildPhase section */
		84D37BF62872EA4C0063388F /* Frameworks */ = {
			isa = PBXFrameworksBuildPhase;
			buildActionMask = 2147483647;
			files = (
			);
			runOnlyForDeploymentPostprocessing = 0;
		};
/* End PBXFrameworksBuildPhase section */

/* Begin PBXGroup section */
		84279E4C28800B970069BB45 /* ViewControllers */ = {
			isa = PBXGroup;
			children = (
				84279E5628801F9F0069BB45 /* MemeCollectionViewController.swift */,
				84279E50288014F80069BB45 /* MemeTableViewController.swift */,
				84279E5428801F700069BB45 /* MemeDetailViewController.swift */,
				84279E5228801F190069BB45 /* MemeEditorViewController.swift */,
				84279E4E28800C1E0069BB45 /* Cells */,
			);
			path = ViewControllers;
			sourceTree = "<group>";
		};
		84279E4E28800C1E0069BB45 /* Cells */ = {
			isa = PBXGroup;
			children = (
				84279E58288020170069BB45 /* SentMemesTableViewCell.swift */,
				84279E5A2880204E0069BB45 /* SentMemesCollectionViewCell.swift */,
			);
			path = Cells;
			sourceTree = "<group>";
		};
		84279E4F28800C2C0069BB45 /* Models */ = {
			isa = PBXGroup;
			children = (
				84AA7BFC2873F13A0018522B /* Meme.swift */,
			);
			path = Models;
			sourceTree = "<group>";
		};
		84D37BF02872EA4C0063388F = {
			isa = PBXGroup;
			children = (
				84D37BFB2872EA4C0063388F /* MemeMe */,
				84D37BFA2872EA4C0063388F /* Products */,
			);
			sourceTree = "<group>";
		};
		84D37BFA2872EA4C0063388F /* Products */ = {
			isa = PBXGroup;
			children = (
				84D37BF92872EA4C0063388F /* MemeMe.app */,
			);
			name = Products;
			sourceTree = "<group>";
		};
		84D37BFB2872EA4C0063388F /* MemeMe */ = {
			isa = PBXGroup;
			children = (
				84279E4F28800C2C0069BB45 /* Models */,
				84279E4C28800B970069BB45 /* ViewControllers */,
				84D37BFC2872EA4C0063388F /* AppDelegate.swift */,
				84D37BFE2872EA4C0063388F /* SceneDelegate.swift */,
				84D37C022872EA4C0063388F /* Main.storyboard */,
				84D37C052872EA500063388F /* Assets.xcassets */,
				84D37C072872EA500063388F /* LaunchScreen.storyboard */,
				84D37C0A2872EA500063388F /* Info.plist */,
			);
			path = MemeMe;
			sourceTree = "<group>";
		};
/* End PBXGroup section */

/* Begin PBXNativeTarget section */
		84D37BF82872EA4C0063388F /* MemeMe */ = {
			isa = PBXNativeTarget;
			buildConfigurationList = 84D37C0D2872EA500063388F /* Build configuration list for PBXNativeTarget "MemeMe" */;
			buildPhases = (
				84D37BF52872EA4C0063388F /* Sources */,
				84D37BF62872EA4C0063388F /* Frameworks */,
				84D37BF72872EA4C0063388F /* Resources */,
			);
			buildRules = (
			);
			dependencies = (
			);
			name = MemeMe;
			productName = MemeMe;
			productReference = 84D37BF92872EA4C0063388F /* MemeMe.app */;
			productType = "com.apple.product-type.application";
		};
/* End PBXNativeTarget section */

/* Begin PBXProject section */
		84D37BF12872EA4C0063388F /* Project object */ = {
			isa = PBXProject;
			attributes = {
				BuildIndependentTargetsInParallel = 1;
				LastSwiftUpdateCheck = 1340;
				LastUpgradeCheck = 1340;
				TargetAttributes = {
					84D37BF82872EA4C0063388F = {
						CreatedOnToolsVersion = 13.4.1;
					};
				};
			};
			buildConfigurationList = 84D37BF42872EA4C0063388F /* Build configuration list for PBXProject "MemeMe" */;
			compatibilityVersion = "Xcode 13.0";
			developmentRegion = en;
			hasScannedForEncodings = 0;
			knownRegions = (
				en,
				Base,
			);
			mainGroup = 84D37BF02872EA4C0063388F;
			productRefGroup = 84D37BFA2872EA4C0063388F /* Products */;
			projectDirPath = "";
			projectRoot = "";
			targets = (
				84D37BF82872EA4C0063388F /* MemeMe */,
			);
		};
/* End PBXProject section */

/* Begin PBXResourcesBuildPhase section */
		84D37BF72872EA4C0063388F /* Resources */ = {
			isa = PBXResourcesBuildPhase;
			buildActionMask = 2147483647;
			files = (
				84D37C092872EA500063388F /* LaunchScreen.storyboard in Resources */,
				84D37C062872EA500063388F /* Assets.xcassets in Resources */,
				84D37C042872EA4C0063388F /* Main.storyboard in Resources */,
			);
			runOnlyForDeploymentPostprocessing = 0;
		};
/* End PBXResourcesBuildPhase section */

/* Begin PBXSourcesBuildPhase section */
		84D37BF52872EA4C0063388F /* Sources */ = {
			isa = PBXSourcesBuildPhase;
			buildActionMask = 2147483647;
			files = (
				84AA7BFD2873F13A0018522B /* Meme.swift in Sources */,
				84279E59288020170069BB45 /* SentMemesTableViewCell.swift in Sources */,
				84279E51288014F80069BB45 /* MemeTableViewController.swift in Sources */,
				84279E5B2880204E0069BB45 /* SentMemesCollectionViewCell.swift in Sources */,
				84279E5728801F9F0069BB45 /* MemeCollectionViewController.swift in Sources */,
				84D37BFD2872EA4C0063388F /* AppDelegate.swift in Sources */,
				84D37BFF2872EA4C0063388F /* SceneDelegate.swift in Sources */,
				84279E5328801F190069BB45 /* MemeEditorViewController.swift in Sources */,
				84279E5528801F700069BB45 /* MemeDetailViewController.swift in Sources */,
			);
			runOnlyForDeploymentPostprocessing = 0;
		};
/* End PBXSourcesBuildPhase section */

/* Begin PBXVariantGroup section */
		84D37C022872EA4C0063388F /* Main.storyboard */ = {
			isa = PBXVariantGroup;
			children = (
				84D37C032872EA4C0063388F /* Base */,
			);
			name = Main.storyboard;
			sourceTree = "<group>";
		};
		84D37C072872EA500063388F /* LaunchScreen.storyboard */ = {
			isa = PBXVariantGroup;
			children = (
				84D37C082872EA500063388F /* Base */,
			);
			name = LaunchScreen.storyboard;
			sourceTree = "<group>";
		};
/* End PBXVariantGroup section */

/* Begin XCBuildConfiguration section */
		84D37C0B2872EA500063388F /* Debug */ = {
			isa = XCBuildConfiguration;
			buildSettings = {
				ALWAYS_SEARCH_USER_PATHS = NO;
				CLANG_ANALYZER_NONNULL = YES;
				CLANG_ANALYZER_NUMBER_OBJECT_CONVERSION = YES_AGGRESSIVE;
				CLANG_CXX_LANGUAGE_STANDARD = "gnu++17";
				CLANG_ENABLE_MODULES = YES;
				CLANG_ENABLE_OBJC_ARC = YES;
				CLANG_ENABLE_OBJC_WEAK = YES;
				CLANG_WARN_BLOCK_CAPTURE_AUTORELEASING = YES;
				CLANG_WARN_BOOL_CONVERSION = YES;
				CLANG_WARN_COMMA = YES;
				CLANG_WARN_CONSTANT_CONVERSION = YES;
				CLANG_WARN_DEPRECATED_OBJC_IMPLEMENTATIONS = YES;
				CLANG_WARN_DIRECT_OBJC_ISA_USAGE = YES_ERROR;
				CLANG_WARN_DOCUMENTATION_COMMENTS = YES;
				CLANG_WARN_EMPTY_BODY = YES;
				CLANG_WARN_ENUM_CONVERSION = YES;
				CLANG_WARN_INFINITE_RECURSION = YES;
				CLANG_WARN_INT_CONVERSION = YES;
				CLANG_WARN_NON_LITERAL_NULL_CONVERSION = YES;
				CLANG_WARN_OBJC_IMPLICIT_RETAIN_SELF = YES;
				CLANG_WARN_OBJC_LITERAL_CONVERSION = YES;
				CLANG_WARN_OBJC_ROOT_CLASS = YES_ERROR;
				CLANG_WARN_QUOTED_INCLUDE_IN_FRAMEWORK_HEADER = YES;
				CLANG_WARN_RANGE_LOOP_ANALYSIS = YES;
				CLANG_WARN_STRICT_PROTOTYPES = YES;
				CLANG_WARN_SUSPICIOUS_MOVE = YES;
				CLANG_WARN_UNGUARDED_AVAILABILITY = YES_AGGRESSIVE;
				CLANG_WARN_UNREACHABLE_CODE = YES;
				CLANG_WARN__DUPLICATE_METHOD_MATCH = YES;
				COPY_PHASE_STRIP = NO;
				DEBUG_INFORMATION_FORMAT = dwarf;
				ENABLE_STRICT_OBJC_MSGSEND = YES;
				ENABLE_TESTABILITY = YES;
				GCC_C_LANGUAGE_STANDARD = gnu11;
				GCC_DYNAMIC_NO_PIC = NO;
				GCC_NO_COMMON_BLOCKS = YES;
				GCC_OPTIMIZATION_LEVEL = 0;
				GCC_PREPROCESSOR_DEFINITIONS = (
					"DEBUG=1",
					"$(inherited)",
				);
				GCC_WARN_64_TO_32_BIT_CONVERSION = YES;
				GCC_WARN_ABOUT_RETURN_TYPE = YES_ERROR;
				GCC_WARN_UNDECLARED_SELECTOR = YES;
				GCC_WARN_UNINITIALIZED_AUTOS = YES_AGGRESSIVE;
				GCC_WARN_UNUSED_FUNCTION = YES;
				GCC_WARN_UNUSED_VARIABLE = YES;
				IPHONEOS_DEPLOYMENT_TARGET = 15.5;
				MTL_ENABLE_DEBUG_INFO = INCLUDE_SOURCE;
				MTL_FAST_MATH = YES;
				ONLY_ACTIVE_ARCH = YES;
				SDKROOT = iphoneos;
				SWIFT_ACTIVE_COMPILATION_CONDITIONS = DEBUG;
				SWIFT_OPTIMIZATION_LEVEL = "-Onone";
			};
			name = Debug;
		};
		84D37C0C2872EA500063388F /* Release */ = {
			isa = XCBuildConfiguration;
			buildSettings = {
				ALWAYS_SEARCH_USER_PATHS = NO;
				CLANG_ANALYZER_NONNULL = YES;
				CLANG_ANALYZER_NUMBER_OBJECT_CONVERSION = YES_AGGRESSIVE;
				CLANG_CXX_LANGUAGE_STANDARD = "gnu++17";
				CLANG_ENABLE_MODULES = YES;
				CLANG_ENABLE_OBJC_ARC = YES;
				CLANG_ENABLE_OBJC_WEAK = YES;
				CLANG_WARN_BLOCK_CAPTURE_AUTORELEASING = YES;
				CLANG_WARN_BOOL_CONVERSION = YES;
				CLANG_WARN_COMMA = YES;
				CLANG_WARN_CONSTANT_CONVERSION = YES;
				CLANG_WARN_DEPRECATED_OBJC_IMPLEMENTATIONS = YES;
				CLANG_WARN_DIRECT_OBJC_ISA_USAGE = YES_ERROR;
				CLANG_WARN_DOCUMENTATION_COMMENTS = YES;
				CLANG_WARN_EMPTY_BODY = YES;
				CLANG_WARN_ENUM_CONVERSION = YES;
				CLANG_WARN_INFINITE_RECURSION = YES;
				CLANG_WARN_INT_CONVERSION = YES;
				CLANG_WARN_NON_LITERAL_NULL_CONVERSION = YES;
				CLANG_WARN_OBJC_IMPLICIT_RETAIN_SELF = YES;
				CLANG_WARN_OBJC_LITERAL_CONVERSION = YES;
				CLANG_WARN_OBJC_ROOT_CLASS = YES_ERROR;
				CLANG_WARN_QUOTED_INCLUDE_IN_FRAMEWORK_HEADER = YES;
				CLANG_WARN_RANGE_LOOP_ANALYSIS = YES;
				CLANG_WARN_STRICT_PROTOTYPES = YES;
				CLANG_WARN_SUSPICIOUS_MOVE = YES;
				CLANG_WARN_UNGUARDED_AVAILABILITY = YES_AGGRESSIVE;
				CLANG_WARN_UNREACHABLE_CODE = YES;
				CLANG_WARN__DUPLICATE_METHOD_MATCH = YES;
				COPY_PHASE_STRIP = NO;
				DEBUG_INFORMATION_FORMAT = "dwarf-with-dsym";
				ENABLE_NS_ASSERTIONS = NO;
				ENABLE_STRICT_OBJC_MSGSEND = YES;
				GCC_C_LANGUAGE_STANDARD = gnu11;
				GCC_NO_COMMON_BLOCKS = YES;
				GCC_WARN_64_TO_32_BIT_CONVERSION = YES;
				GCC_WARN_ABOUT_RETURN_TYPE = YES_ERROR;
				GCC_WARN_UNDECLARED_SELECTOR = YES;
				GCC_WARN_UNINITIALIZED_AUTOS = YES_AGGRESSIVE;
				GCC_WARN_UNUSED_FUNCTION = YES;
				GCC_WARN_UNUSED_VARIABLE = YES;
				IPHONEOS_DEPLOYMENT_TARGET = 15.5;
				MTL_ENABLE_DEBUG_INFO = NO;
				MTL_FAST_MATH = YES;
				SDKROOT = iphoneos;
				SWIFT_COMPILATION_MODE = wholemodule;
				SWIFT_OPTIMIZATION_LEVEL = "-O";
				VALIDATE_PRODUCT = YES;
			};
			name = Release;
		};
		84D37C0E2872EA500063388F /* Debug */ = {
			isa = XCBuildConfiguration;
			buildSettings = {
				ASSETCATALOG_COMPILER_APPICON_NAME = AppIcon;
				ASSETCATALOG_COMPILER_GLOBAL_ACCENT_COLOR_NAME = AccentColor;
				CODE_SIGN_STYLE = Automatic;
				CURRENT_PROJECT_VERSION = 1;
				GENERATE_INFOPLIST_FILE = YES;
				INFOPLIST_FILE = MemeMe/Info.plist;
				INFOPLIST_KEY_UIApplicationSupportsIndirectInputEvents = YES;
				INFOPLIST_KEY_UILaunchStoryboardName = LaunchScreen;
				INFOPLIST_KEY_UIMainStoryboardFile = Main;
				INFOPLIST_KEY_UISupportedInterfaceOrientations_iPad = "UIInterfaceOrientationPortrait UIInterfaceOrientationPortraitUpsideDown UIInterfaceOrientationLandscapeLeft UIInterfaceOrientationLandscapeRight";
				INFOPLIST_KEY_UISupportedInterfaceOrientations_iPhone = "UIInterfaceOrientationPortrait UIInterfaceOrientationLandscapeLeft UIInterfaceOrientationLandscapeRight";
				LD_RUNPATH_SEARCH_PATHS = (
					"$(inherited)",
					"@executable_path/Frameworks",
				);
				MARKETING_VERSION = 1.0;
				PRODUCT_BUNDLE_IDENTIFIER = hiutrun.MemeMe;
				PRODUCT_NAME = "$(TARGET_NAME)";
				SWIFT_EMIT_LOC_STRINGS = YES;
				SWIFT_VERSION = 5.0;
				TARGETED_DEVICE_FAMILY = "1,2";
			};
			name = Debug;
		};
		84D37C0F2872EA500063388F /* Release */ = {
			isa = XCBuildConfiguration;
			buildSettings = {
				ASSETCATALOG_COMPILER_APPICON_NAME = AppIcon;
				ASSETCATALOG_COMPILER_GLOBAL_ACCENT_COLOR_NAME = AccentColor;
				CODE_SIGN_STYLE = Automatic;
				CURRENT_PROJECT_VERSION = 1;
				GENERATE_INFOPLIST_FILE = YES;
				INFOPLIST_FILE = MemeMe/Info.plist;
				INFOPLIST_KEY_UIApplicationSupportsIndirectInputEvents = YES;
				INFOPLIST_KEY_UILaunchStoryboardName = LaunchScreen;
				INFOPLIST_KEY_UIMainStoryboardFile = Main;
				INFOPLIST_KEY_UISupportedInterfaceOrientations_iPad = "UIInterfaceOrientationPortrait UIInterfaceOrientationPortraitUpsideDown UIInterfaceOrientationLandscapeLeft UIInterfaceOrientationLandscapeRight";
				INFOPLIST_KEY_UISupportedInterfaceOrientations_iPhone = "UIInterfaceOrientationPortrait UIInterfaceOrientationLandscapeLeft UIInterfaceOrientationLandscapeRight";
				LD_RUNPATH_SEARCH_PATHS = (
					"$(inherited)",
					"@executable_path/Frameworks",
				);
				MARKETING_VERSION = 1.0;
				PRODUCT_BUNDLE_IDENTIFIER = hiutrun.MemeMe;
				PRODUCT_NAME = "$(TARGET_NAME)";
				SWIFT_EMIT_LOC_STRINGS = YES;
				SWIFT_VERSION = 5.0;
				TARGETED_DEVICE_FAMILY = "1,2";
			};
			name = Release;
		};
/* End XCBuildConfiguration section */

/* Begin XCConfigurationList section */
		84D37BF42872EA4C0063388F /* Build configuration list for PBXProject "MemeMe" */ = {
			isa = XCConfigurationList;
			buildConfigurations = (
				84D37C0B2872EA500063388F /* Debug */,
				84D37C0C2872EA500063388F /* Release */,
			);
			defaultConfigurationIsVisible = 0;
			defaultConfigurationName = Release;
		};
		84D37C0D2872EA500063388F /* Build configuration list for PBXNativeTarget "MemeMe" */ = {
			isa = XCConfigurationList;
			buildConfigurations = (
				84D37C0E2872EA500063388F /* Debug */,
				84D37C0F2872EA500063388F /* Release */,
			);
			defaultConfigurationIsVisible = 0;
			defaultConfigurationName = Release;
		};
/* End XCConfigurationList section */
	};
	rootObject = 84D37BF12872EA4C0063388F /* Project object */;
}
